{
  "version": "5",
  "specifiers": {
    "jsr:@char/aftercare@~0.5.3": "0.5.3",
    "jsr:@char/justin@~0.3.5": "0.3.5",
    "jsr:@luca/esbuild-deno-loader@0.11.1": "0.11.1",
    "jsr:@mary/base32@0.1": "0.1.0",
    "jsr:@oak/commons@1": "1.0.1",
    "jsr:@oak/oak@^17.2.0": "17.2.0",
    "jsr:@std/assert@1": "1.0.13",
    "jsr:@std/bytes@1": "1.0.6",
    "jsr:@std/bytes@^1.0.2": "1.0.6",
    "jsr:@std/cli@1": "1.0.11",
    "jsr:@std/cli@1.0.25": "1.0.25",
    "jsr:@std/crypto@1": "1.0.5",
    "jsr:@std/dotenv@0.225": "0.225.3",
    "jsr:@std/dotenv@0.225.6": "0.225.6",
    "jsr:@std/encoding@1": "1.0.10",
    "jsr:@std/encoding@^1.0.10": "1.0.10",
    "jsr:@std/encoding@^1.0.5": "1.0.10",
    "jsr:@std/http@1": "1.0.19",
    "jsr:@std/internal@^1.0.12": "1.0.12",
    "jsr:@std/json@^1.0.2": "1.0.2",
    "jsr:@std/media-types@1": "1.1.0",
    "jsr:@std/path@1": "1.1.4",
    "jsr:@std/path@^1.0.6": "1.1.4",
    "jsr:@std/streams@^1.0.9": "1.0.13",
    "npm:@atcute/cbor@^2.2.8": "2.2.8",
    "npm:csstype@3.2.3": "3.2.3",
    "npm:esbuild@0.24": "0.24.2",
    "npm:esbuild@0.27.2": "0.27.2",
    "npm:path-to-regexp@^6.3.0": "6.3.0"
  },
  "jsr": {
    "@char/aftercare@0.5.3": {
      "integrity": "1ab936d206456ec873066296b9ca6776683a2d0669fcac01c9255a708a6aa5bb",
      "dependencies": [
        "jsr:@luca/esbuild-deno-loader",
        "jsr:@std/cli@1.0.25",
        "jsr:@std/dotenv@0.225.6",
        "npm:csstype",
        "npm:esbuild@0.27.2"
      ]
    },
    "@char/justin@0.3.5": {
      "integrity": "d0eb168c26fa9080479451b281e14bec04a91a0248620c85e9f53a356056fefc"
    },
    "@luca/esbuild-deno-loader@0.11.1": {
      "integrity": "dc020d16d75b591f679f6b9288b10f38bdb4f24345edb2f5732affa1d9885267",
      "dependencies": [
        "jsr:@std/bytes@^1.0.2",
        "jsr:@std/encoding@^1.0.5",
        "jsr:@std/path@^1.0.6"
      ]
    },
    "@mary/base32@0.1.0": {
      "integrity": "e9b163a66ae858339906d951f408f539d2921233b33e2ba30358eca9caa2b6cd"
    },
    "@oak/commons@1.0.1": {
      "integrity": "889ff210f0b4292591721be07244ecb1b5c118742f5273c70cf30d7cd4184d0c",
      "dependencies": [
        "jsr:@std/assert",
        "jsr:@std/bytes@1",
        "jsr:@std/crypto",
        "jsr:@std/encoding@1",
        "jsr:@std/http",
        "jsr:@std/media-types"
      ]
    },
    "@oak/oak@17.2.0": {
      "integrity": "938537a92fc7922a46a9984696c65fb189c9baad164416ac3e336768a9ff0cd1",
      "dependencies": [
        "jsr:@oak/commons",
        "jsr:@std/assert",
        "jsr:@std/bytes@1",
        "jsr:@std/http",
        "jsr:@std/media-types",
        "jsr:@std/path@1",
        "npm:path-to-regexp"
      ]
    },
    "@std/assert@1.0.13": {
      "integrity": "ae0d31e41919b12c656c742b22522c32fb26ed0cba32975cb0de2a273cb68b29"
    },
    "@std/bytes@1.0.6": {
      "integrity": "f6ac6adbd8ccd99314045f5703e23af0a68d7f7e58364b47d2c7f408aeb5820a"
    },
    "@std/cli@1.0.11": {
      "integrity": "ec219619fdcd31bcf0d8e53bee1e2706ec9a02f70255365a094f69755dadd340"
    },
    "@std/cli@1.0.25": {
      "integrity": "1f85051b370c97a7a9dfc6ba626e7ed57a91bea8c081597276d1e78d929d8c91",
      "dependencies": [
        "jsr:@std/internal"
      ]
    },
    "@std/crypto@1.0.5": {
      "integrity": "0dcfbb319fe0bba1bd3af904ceb4f948cde1b92979ec1614528380ed308a3b40"
    },
    "@std/dotenv@0.225.3": {
      "integrity": "a95e5b812c27b0854c52acbae215856d9cce9d4bbf774d938c51d212711e8d4a"
    },
    "@std/dotenv@0.225.6": {
      "integrity": "1d6f9db72f565bd26790fa034c26e45ecb260b5245417be76c2279e5734c421b"
    },
    "@std/encoding@1.0.6": {
      "integrity": "ca87122c196e8831737d9547acf001766618e78cd8c33920776c7f5885546069"
    },
    "@std/encoding@1.0.10": {
      "integrity": "8783c6384a2d13abd5e9e87a7ae0520a30e9f56aeeaa3bdf910a3eaaf5c811a1"
    },
    "@std/http@1.0.19": {
      "integrity": "52128c8d00a1f0b20019f8b72376e7ef5f3133375b6f805b5bc89b9de2ad4686",
      "dependencies": [
        "jsr:@std/encoding@^1.0.10"
      ]
    },
    "@std/internal@1.0.12": {
      "integrity": "972a634fd5bc34b242024402972cd5143eac68d8dffaca5eaa4dba30ce17b027"
    },
    "@std/json@1.0.2": {
      "integrity": "d9e5497801c15fb679f55a2c01c7794ad7a5dfda4dd1bebab5e409cb5e0d34d4",
      "dependencies": [
        "jsr:@std/streams"
      ]
    },
    "@std/media-types@1.1.0": {
      "integrity": "c9d093f0c05c3512932b330e3cc1fe1d627b301db33a4c2c2185c02471d6eaa4"
    },
    "@std/path@1.1.4": {
      "integrity": "1d2d43f39efb1b42f0b1882a25486647cb851481862dc7313390b2bb044314b5",
      "dependencies": [
        "jsr:@std/internal"
      ]
    },
    "@std/streams@1.0.13": {
      "integrity": "772d208cd0d3e5dac7c1d9e6cdb25842846d136eea4a41a62e44ed4ab0c8dd9e"
    }
  },
  "npm": {
    "@atcute/cbor@2.2.8": {
      "integrity": "sha512-UzOAN9BuN6JCXgn0ryV8qZuRJUDrNqrbLd6EFM8jc6RYssjRyGRxNy6RZ1NU/07Hd8Tq/0pz8+nQiMu5Zai5uw==",
      "dependencies": [
        "@atcute/cid",
        "@atcute/multibase",
        "@atcute/uint8array"
      ]
    },
    "@atcute/cid@2.2.6": {
      "integrity": "sha512-bTAHHbJ24p+E//V4KCS4xdmd39o211jJswvqQOevj7vk+5IYcgDLx1ryZWZ1sEPOo9x875li/kj5gpKL14RDwQ==",
      "dependencies": [
        "@atcute/multibase",
        "@atcute/uint8array"
      ]
    },
    "@atcute/multibase@1.1.6": {
      "integrity": "sha512-HBxuCgYLKPPxETV0Rot4VP9e24vKl8JdzGCZOVsDaOXJgbRZoRIF67Lp0H/OgnJeH/Xpva8Z5ReoTNJE5dn3kg==",
      "dependencies": [
        "@atcute/uint8array"
      ]
    },
    "@atcute/uint8array@1.0.6": {
      "integrity": "sha512-ucfRBQc7BFT8n9eCyGOzDHEMKF/nZwhS2pPao4Xtab1ML3HdFYcX2DM1tadCzas85QTGxHe5urnUAAcNKGRi9A=="
    },
    "@esbuild/aix-ppc64@0.24.2": {
      "integrity": "sha512-thpVCb/rhxE/BnMLQ7GReQLLN8q9qbHmI55F4489/ByVg2aQaQ6kbcLb6FHkocZzQhxc4gx0sCk0tJkKBFzDhA==",
      "os": ["aix"],
      "cpu": ["ppc64"]
    },
    "@esbuild/aix-ppc64@0.27.2": {
      "integrity": "sha512-GZMB+a0mOMZs4MpDbj8RJp4cw+w1WV5NYD6xzgvzUJ5Ek2jerwfO2eADyI6ExDSUED+1X8aMbegahsJi+8mgpw==",
      "os": ["aix"],
      "cpu": ["ppc64"]
    },
    "@esbuild/android-arm64@0.24.2": {
      "integrity": "sha512-cNLgeqCqV8WxfcTIOeL4OAtSmL8JjcN6m09XIgro1Wi7cF4t/THaWEa7eL5CMoMBdjoHOTh/vwTO/o2TRXIyzg==",
      "os": ["android"],
      "cpu": ["arm64"]
    },
    "@esbuild/android-arm64@0.27.2": {
      "integrity": "sha512-pvz8ZZ7ot/RBphf8fv60ljmaoydPU12VuXHImtAs0XhLLw+EXBi2BLe3OYSBslR4rryHvweW5gmkKFwTiFy6KA==",
      "os": ["android"],
      "cpu": ["arm64"]
    },
    "@esbuild/android-arm@0.24.2": {
      "integrity": "sha512-tmwl4hJkCfNHwFB3nBa8z1Uy3ypZpxqxfTQOcHX+xRByyYgunVbZ9MzUUfb0RxaHIMnbHagwAxuTL+tnNM+1/Q==",
      "os": ["android"],
      "cpu": ["arm"]
    },
    "@esbuild/android-arm@0.27.2": {
      "integrity": "sha512-DVNI8jlPa7Ujbr1yjU2PfUSRtAUZPG9I1RwW4F4xFB1Imiu2on0ADiI/c3td+KmDtVKNbi+nffGDQMfcIMkwIA==",
      "os": ["android"],
      "cpu": ["arm"]
    },
    "@esbuild/android-x64@0.24.2": {
      "integrity": "sha512-B6Q0YQDqMx9D7rvIcsXfmJfvUYLoP722bgfBlO5cGvNVb5V/+Y7nhBE3mHV9OpxBf4eAS2S68KZztiPaWq4XYw==",
      "os": ["android"],
      "cpu": ["x64"]
    },
    "@esbuild/android-x64@0.27.2": {
      "integrity": "sha512-z8Ank4Byh4TJJOh4wpz8g2vDy75zFL0TlZlkUkEwYXuPSgX8yzep596n6mT7905kA9uHZsf/o2OJZubl2l3M7A==",
      "os": ["android"],
      "cpu": ["x64"]
    },
    "@esbuild/darwin-arm64@0.24.2": {
      "integrity": "sha512-kj3AnYWc+CekmZnS5IPu9D+HWtUI49hbnyqk0FLEJDbzCIQt7hg7ucF1SQAilhtYpIujfaHr6O0UHlzzSPdOeA==",
      "os": ["darwin"],
      "cpu": ["arm64"]
    },
    "@esbuild/darwin-arm64@0.27.2": {
      "integrity": "sha512-davCD2Zc80nzDVRwXTcQP/28fiJbcOwvdolL0sOiOsbwBa72kegmVU0Wrh1MYrbuCL98Omp5dVhQFWRKR2ZAlg==",
      "os": ["darwin"],
      "cpu": ["arm64"]
    },
    "@esbuild/darwin-x64@0.24.2": {
      "integrity": "sha512-WeSrmwwHaPkNR5H3yYfowhZcbriGqooyu3zI/3GGpF8AyUdsrrP0X6KumITGA9WOyiJavnGZUwPGvxvwfWPHIA==",
      "os": ["darwin"],
      "cpu": ["x64"]
    },
    "@esbuild/darwin-x64@0.27.2": {
      "integrity": "sha512-ZxtijOmlQCBWGwbVmwOF/UCzuGIbUkqB1faQRf5akQmxRJ1ujusWsb3CVfk/9iZKr2L5SMU5wPBi1UWbvL+VQA==",
      "os": ["darwin"],
      "cpu": ["x64"]
    },
    "@esbuild/freebsd-arm64@0.24.2": {
      "integrity": "sha512-UN8HXjtJ0k/Mj6a9+5u6+2eZ2ERD7Edt1Q9IZiB5UZAIdPnVKDoG7mdTVGhHJIeEml60JteamR3qhsr1r8gXvg==",
      "os": ["freebsd"],
      "cpu": ["arm64"]
    },
    "@esbuild/freebsd-arm64@0.27.2": {
      "integrity": "sha512-lS/9CN+rgqQ9czogxlMcBMGd+l8Q3Nj1MFQwBZJyoEKI50XGxwuzznYdwcav6lpOGv5BqaZXqvBSiB/kJ5op+g==",
      "os": ["freebsd"],
      "cpu": ["arm64"]
    },
    "@esbuild/freebsd-x64@0.24.2": {
      "integrity": "sha512-TvW7wE/89PYW+IevEJXZ5sF6gJRDY/14hyIGFXdIucxCsbRmLUcjseQu1SyTko+2idmCw94TgyaEZi9HUSOe3Q==",
      "os": ["freebsd"],
      "cpu": ["x64"]
    },
    "@esbuild/freebsd-x64@0.27.2": {
      "integrity": "sha512-tAfqtNYb4YgPnJlEFu4c212HYjQWSO/w/h/lQaBK7RbwGIkBOuNKQI9tqWzx7Wtp7bTPaGC6MJvWI608P3wXYA==",
      "os": ["freebsd"],
      "cpu": ["x64"]
    },
    "@esbuild/linux-arm64@0.24.2": {
      "integrity": "sha512-7HnAD6074BW43YvvUmE/35Id9/NB7BeX5EoNkK9obndmZBUk8xmJJeU7DwmUeN7tkysslb2eSl6CTrYz6oEMQg==",
      "os": ["linux"],
      "cpu": ["arm64"]
    },
    "@esbuild/linux-arm64@0.27.2": {
      "integrity": "sha512-hYxN8pr66NsCCiRFkHUAsxylNOcAQaxSSkHMMjcpx0si13t1LHFphxJZUiGwojB1a/Hd5OiPIqDdXONia6bhTw==",
      "os": ["linux"],
      "cpu": ["arm64"]
    },
    "@esbuild/linux-arm@0.24.2": {
      "integrity": "sha512-n0WRM/gWIdU29J57hJyUdIsk0WarGd6To0s+Y+LwvlC55wt+GT/OgkwoXCXvIue1i1sSNWblHEig00GBWiJgfA==",
      "os": ["linux"],
      "cpu": ["arm"]
    },
    "@esbuild/linux-arm@0.27.2": {
      "integrity": "sha512-vWfq4GaIMP9AIe4yj1ZUW18RDhx6EPQKjwe7n8BbIecFtCQG4CfHGaHuh7fdfq+y3LIA2vGS/o9ZBGVxIDi9hw==",
      "os": ["linux"],
      "cpu": ["arm"]
    },
    "@esbuild/linux-ia32@0.24.2": {
      "integrity": "sha512-sfv0tGPQhcZOgTKO3oBE9xpHuUqguHvSo4jl+wjnKwFpapx+vUDcawbwPNuBIAYdRAvIDBfZVvXprIj3HA+Ugw==",
      "os": ["linux"],
      "cpu": ["ia32"]
    },
    "@esbuild/linux-ia32@0.27.2": {
      "integrity": "sha512-MJt5BRRSScPDwG2hLelYhAAKh9imjHK5+NE/tvnRLbIqUWa+0E9N4WNMjmp/kXXPHZGqPLxggwVhz7QP8CTR8w==",
      "os": ["linux"],
      "cpu": ["ia32"]
    },
    "@esbuild/linux-loong64@0.24.2": {
      "integrity": "sha512-CN9AZr8kEndGooS35ntToZLTQLHEjtVB5n7dl8ZcTZMonJ7CCfStrYhrzF97eAecqVbVJ7APOEe18RPI4KLhwQ==",
      "os": ["linux"],
      "cpu": ["loong64"]
    },
    "@esbuild/linux-loong64@0.27.2": {
      "integrity": "sha512-lugyF1atnAT463aO6KPshVCJK5NgRnU4yb3FUumyVz+cGvZbontBgzeGFO1nF+dPueHD367a2ZXe1NtUkAjOtg==",
      "os": ["linux"],
      "cpu": ["loong64"]
    },
    "@esbuild/linux-mips64el@0.24.2": {
      "integrity": "sha512-iMkk7qr/wl3exJATwkISxI7kTcmHKE+BlymIAbHO8xanq/TjHaaVThFF6ipWzPHryoFsesNQJPE/3wFJw4+huw==",
      "os": ["linux"],
      "cpu": ["mips64el"]
    },
    "@esbuild/linux-mips64el@0.27.2": {
      "integrity": "sha512-nlP2I6ArEBewvJ2gjrrkESEZkB5mIoaTswuqNFRv/WYd+ATtUpe9Y09RnJvgvdag7he0OWgEZWhviS1OTOKixw==",
      "os": ["linux"],
      "cpu": ["mips64el"]
    },
    "@esbuild/linux-ppc64@0.24.2": {
      "integrity": "sha512-shsVrgCZ57Vr2L8mm39kO5PPIb+843FStGt7sGGoqiiWYconSxwTiuswC1VJZLCjNiMLAMh34jg4VSEQb+iEbw==",
      "os": ["linux"],
      "cpu": ["ppc64"]
    },
    "@esbuild/linux-ppc64@0.27.2": {
      "integrity": "sha512-C92gnpey7tUQONqg1n6dKVbx3vphKtTHJaNG2Ok9lGwbZil6DrfyecMsp9CrmXGQJmZ7iiVXvvZH6Ml5hL6XdQ==",
      "os": ["linux"],
      "cpu": ["ppc64"]
    },
    "@esbuild/linux-riscv64@0.24.2": {
      "integrity": "sha512-4eSFWnU9Hhd68fW16GD0TINewo1L6dRrB+oLNNbYyMUAeOD2yCK5KXGK1GH4qD/kT+bTEXjsyTCiJGHPZ3eM9Q==",
      "os": ["linux"],
      "cpu": ["riscv64"]
    },
    "@esbuild/linux-riscv64@0.27.2": {
      "integrity": "sha512-B5BOmojNtUyN8AXlK0QJyvjEZkWwy/FKvakkTDCziX95AowLZKR6aCDhG7LeF7uMCXEJqwa8Bejz5LTPYm8AvA==",
      "os": ["linux"],
      "cpu": ["riscv64"]
    },
    "@esbuild/linux-s390x@0.24.2": {
      "integrity": "sha512-S0Bh0A53b0YHL2XEXC20bHLuGMOhFDO6GN4b3YjRLK//Ep3ql3erpNcPlEFed93hsQAjAQDNsvcK+hV90FubSw==",
      "os": ["linux"],
      "cpu": ["s390x"]
    },
    "@esbuild/linux-s390x@0.27.2": {
      "integrity": "sha512-p4bm9+wsPwup5Z8f4EpfN63qNagQ47Ua2znaqGH6bqLlmJ4bx97Y9JdqxgGZ6Y8xVTixUnEkoKSHcpRlDnNr5w==",
      "os": ["linux"],
      "cpu": ["s390x"]
    },
    "@esbuild/linux-x64@0.24.2": {
      "integrity": "sha512-8Qi4nQcCTbLnK9WoMjdC9NiTG6/E38RNICU6sUNqK0QFxCYgoARqVqxdFmWkdonVsvGqWhmm7MO0jyTqLqwj0Q==",
      "os": ["linux"],
      "cpu": ["x64"]
    },
    "@esbuild/linux-x64@0.27.2": {
      "integrity": "sha512-uwp2Tip5aPmH+NRUwTcfLb+W32WXjpFejTIOWZFw/v7/KnpCDKG66u4DLcurQpiYTiYwQ9B7KOeMJvLCu/OvbA==",
      "os": ["linux"],
      "cpu": ["x64"]
    },
    "@esbuild/netbsd-arm64@0.24.2": {
      "integrity": "sha512-wuLK/VztRRpMt9zyHSazyCVdCXlpHkKm34WUyinD2lzK07FAHTq0KQvZZlXikNWkDGoT6x3TD51jKQ7gMVpopw==",
      "os": ["netbsd"],
      "cpu": ["arm64"]
    },
    "@esbuild/netbsd-arm64@0.27.2": {
      "integrity": "sha512-Kj6DiBlwXrPsCRDeRvGAUb/LNrBASrfqAIok+xB0LxK8CHqxZ037viF13ugfsIpePH93mX7xfJp97cyDuTZ3cw==",
      "os": ["netbsd"],
      "cpu": ["arm64"]
    },
    "@esbuild/netbsd-x64@0.24.2": {
      "integrity": "sha512-VefFaQUc4FMmJuAxmIHgUmfNiLXY438XrL4GDNV1Y1H/RW3qow68xTwjZKfj/+Plp9NANmzbH5R40Meudu8mmw==",
      "os": ["netbsd"],
      "cpu": ["x64"]
    },
    "@esbuild/netbsd-x64@0.27.2": {
      "integrity": "sha512-HwGDZ0VLVBY3Y+Nw0JexZy9o/nUAWq9MlV7cahpaXKW6TOzfVno3y3/M8Ga8u8Yr7GldLOov27xiCnqRZf0tCA==",
      "os": ["netbsd"],
      "cpu": ["x64"]
    },
    "@esbuild/openbsd-arm64@0.24.2": {
      "integrity": "sha512-YQbi46SBct6iKnszhSvdluqDmxCJA+Pu280Av9WICNwQmMxV7nLRHZfjQzwbPs3jeWnuAhE9Jy0NrnJ12Oz+0A==",
      "os": ["openbsd"],
      "cpu": ["arm64"]
    },
    "@esbuild/openbsd-arm64@0.27.2": {
      "integrity": "sha512-DNIHH2BPQ5551A7oSHD0CKbwIA/Ox7+78/AWkbS5QoRzaqlev2uFayfSxq68EkonB+IKjiuxBFoV8ESJy8bOHA==",
      "os": ["openbsd"],
      "cpu": ["arm64"]
    },
    "@esbuild/openbsd-x64@0.24.2": {
      "integrity": "sha512-+iDS6zpNM6EnJyWv0bMGLWSWeXGN/HTaF/LXHXHwejGsVi+ooqDfMCCTerNFxEkM3wYVcExkeGXNqshc9iMaOA==",
      "os": ["openbsd"],
      "cpu": ["x64"]
    },
    "@esbuild/openbsd-x64@0.27.2": {
      "integrity": "sha512-/it7w9Nb7+0KFIzjalNJVR5bOzA9Vay+yIPLVHfIQYG/j+j9VTH84aNB8ExGKPU4AzfaEvN9/V4HV+F+vo8OEg==",
      "os": ["openbsd"],
      "cpu": ["x64"]
    },
    "@esbuild/openharmony-arm64@0.27.2": {
      "integrity": "sha512-LRBbCmiU51IXfeXk59csuX/aSaToeG7w48nMwA6049Y4J4+VbWALAuXcs+qcD04rHDuSCSRKdmY63sruDS5qag==",
      "os": ["openharmony"],
      "cpu": ["arm64"]
    },
    "@esbuild/sunos-x64@0.24.2": {
      "integrity": "sha512-hTdsW27jcktEvpwNHJU4ZwWFGkz2zRJUz8pvddmXPtXDzVKTTINmlmga3ZzwcuMpUvLw7JkLy9QLKyGpD2Yxig==",
      "os": ["sunos"],
      "cpu": ["x64"]
    },
    "@esbuild/sunos-x64@0.27.2": {
      "integrity": "sha512-kMtx1yqJHTmqaqHPAzKCAkDaKsffmXkPHThSfRwZGyuqyIeBvf08KSsYXl+abf5HDAPMJIPnbBfXvP2ZC2TfHg==",
      "os": ["sunos"],
      "cpu": ["x64"]
    },
    "@esbuild/win32-arm64@0.24.2": {
      "integrity": "sha512-LihEQ2BBKVFLOC9ZItT9iFprsE9tqjDjnbulhHoFxYQtQfai7qfluVODIYxt1PgdoyQkz23+01rzwNwYfutxUQ==",
      "os": ["win32"],
      "cpu": ["arm64"]
    },
    "@esbuild/win32-arm64@0.27.2": {
      "integrity": "sha512-Yaf78O/B3Kkh+nKABUF++bvJv5Ijoy9AN1ww904rOXZFLWVc5OLOfL56W+C8F9xn5JQZa3UX6m+IktJnIb1Jjg==",
      "os": ["win32"],
      "cpu": ["arm64"]
    },
    "@esbuild/win32-ia32@0.24.2": {
      "integrity": "sha512-q+iGUwfs8tncmFC9pcnD5IvRHAzmbwQ3GPS5/ceCyHdjXubwQWI12MKWSNSMYLJMq23/IUCvJMS76PDqXe1fxA==",
      "os": ["win32"],
      "cpu": ["ia32"]
    },
    "@esbuild/win32-ia32@0.27.2": {
      "integrity": "sha512-Iuws0kxo4yusk7sw70Xa2E2imZU5HoixzxfGCdxwBdhiDgt9vX9VUCBhqcwY7/uh//78A1hMkkROMJq9l27oLQ==",
      "os": ["win32"],
      "cpu": ["ia32"]
    },
    "@esbuild/win32-x64@0.24.2": {
      "integrity": "sha512-7VTgWzgMGvup6aSqDPLiW5zHaxYJGTO4OokMjIlrCtf+VpEL+cXKtCvg723iguPYI5oaUNdS+/V7OU2gvXVWEg==",
      "os": ["win32"],
      "cpu": ["x64"]
    },
    "@esbuild/win32-x64@0.27.2": {
      "integrity": "sha512-sRdU18mcKf7F+YgheI/zGf5alZatMUTKj/jNS6l744f9u3WFu4v7twcUI9vu4mknF4Y9aDlblIie0IM+5xxaqQ==",
      "os": ["win32"],
      "cpu": ["x64"]
    },
    "csstype@3.2.3": {
      "integrity": "sha512-z1HGKcYy2xA8AGQfwrn0PAy+PB7X/GSj3UVJW9qKyn43xWa+gl5nXmU4qqLMRzWVLFC8KusUX8T/0kCiOYpAIQ=="
    },
    "esbuild@0.24.2": {
      "integrity": "sha512-+9egpBW8I3CD5XPe0n6BfT5fxLzxrlDzqydF3aviG+9ni1lDC/OvMHcxqEFV0+LANZG5R1bFMWfUrjVsdwxJvA==",
      "optionalDependencies": [
        "@esbuild/aix-ppc64@0.24.2",
        "@esbuild/android-arm@0.24.2",
        "@esbuild/android-arm64@0.24.2",
        "@esbuild/android-x64@0.24.2",
        "@esbuild/darwin-arm64@0.24.2",
        "@esbuild/darwin-x64@0.24.2",
        "@esbuild/freebsd-arm64@0.24.2",
        "@esbuild/freebsd-x64@0.24.2",
        "@esbuild/linux-arm@0.24.2",
        "@esbuild/linux-arm64@0.24.2",
        "@esbuild/linux-ia32@0.24.2",
        "@esbuild/linux-loong64@0.24.2",
        "@esbuild/linux-mips64el@0.24.2",
        "@esbuild/linux-ppc64@0.24.2",
        "@esbuild/linux-riscv64@0.24.2",
        "@esbuild/linux-s390x@0.24.2",
        "@esbuild/linux-x64@0.24.2",
        "@esbuild/netbsd-arm64@0.24.2",
        "@esbuild/netbsd-x64@0.24.2",
        "@esbuild/openbsd-arm64@0.24.2",
        "@esbuild/openbsd-x64@0.24.2",
        "@esbuild/sunos-x64@0.24.2",
        "@esbuild/win32-arm64@0.24.2",
        "@esbuild/win32-ia32@0.24.2",
        "@esbuild/win32-x64@0.24.2"
      ],
      "scripts": true,
      "bin": true
    },
    "esbuild@0.27.2": {
      "integrity": "sha512-HyNQImnsOC7X9PMNaCIeAm4ISCQXs5a5YasTXVliKv4uuBo1dKrG0A+uQS8M5eXjVMnLg3WgXaKvprHlFJQffw==",
      "optionalDependencies": [
        "@esbuild/aix-ppc64@0.27.2",
        "@esbuild/android-arm@0.27.2",
        "@esbuild/android-arm64@0.27.2",
        "@esbuild/android-x64@0.27.2",
        "@esbuild/darwin-arm64@0.27.2",
        "@esbuild/darwin-x64@0.27.2",
        "@esbuild/freebsd-arm64@0.27.2",
        "@esbuild/freebsd-x64@0.27.2",
        "@esbuild/linux-arm@0.27.2",
        "@esbuild/linux-arm64@0.27.2",
        "@esbuild/linux-ia32@0.27.2",
        "@esbuild/linux-loong64@0.27.2",
        "@esbuild/linux-mips64el@0.27.2",
        "@esbuild/linux-ppc64@0.27.2",
        "@esbuild/linux-riscv64@0.27.2",
        "@esbuild/linux-s390x@0.27.2",
        "@esbuild/linux-x64@0.27.2",
        "@esbuild/netbsd-arm64@0.27.2",
        "@esbuild/netbsd-x64@0.27.2",
        "@esbuild/openbsd-arm64@0.27.2",
        "@esbuild/openbsd-x64@0.27.2",
        "@esbuild/openharmony-arm64",
        "@esbuild/sunos-x64@0.27.2",
        "@esbuild/win32-arm64@0.27.2",
        "@esbuild/win32-ia32@0.27.2",
        "@esbuild/win32-x64@0.27.2"
      ],
      "scripts": true,
      "bin": true
    },
    "path-to-regexp@6.3.0": {
      "integrity": "sha512-Yhpw4T9C6hPpgPeA28us07OJeqZ5EzQTkbfwuhsUg0c237RomFoETJgmp2sa3F/41gfLE6G5cqcYwznmeEeOlQ=="
    }
  },
  "remote": {
    "https://char.lt/esm/pipe.ts": "e40365c4d5032fc28d27712c7421248240d0b78b5a5abcd8d46bff1852d5d615"
  },
  "workspace": {
    "dependencies": [
      "jsr:@char/aftercare@~0.5.3",
      "jsr:@char/justin@~0.3.5",
      "jsr:@mary/base32@0.1",
      "jsr:@oak/oak@^17.2.0",
      "jsr:@std/json@^1.0.2",
      "npm:@atcute/cbor@^2.2.8"
    ]
  }
}
